
Microsoft Visual Studio Solution File, Format Version 12.00
# Visual Studio Version 17
VisualStudioVersion = 17.5.33424.131
MinimumVisualStudioVersion = 10.0.40219.1
Project("{9A19103F-16F7-4668-BE54-9A1E7A4F7556}") = "RemoteMvpClient", "RemoteMvp\RemoteMvpClient.csproj", "{07B83400-4FF5-4DCD-8BA4-3D51B173EC2B}"
EndProject
Project("{9A19103F-16F7-4668-BE54-9A1E7A4F7556}") = "RemoteMvpLib", "RemoteMvpServer\RemoteMvpLib.csproj", "{8D07EC12-365F-4AFA-9777-21C3025E3F2E}"
EndProject
Project("{9A19103F-16F7-4668-BE54-9A1E7A4F7556}") = "RemoteMvpApp", "RemoteMvpApp\RemoteMvpApp.csproj", "{730368CF-7ACB-4E2A-8DF9-0C924D52148F}"
EndProject
Project("{FAE04EC0-301F-11D3-BF4B-00C04F79EFBC}") = "AdminUserList", "AdminUserList\AdminUserList.csproj", "{A77B7D0B-20FA-4C05-8441-63A2093B32D9}"
EndProject
Global
	GlobalSection(SolutionConfigurationPlatforms) = preSolution
		Debug|Any CPU = Debug|Any CPU
		Release|Any CPU = Release|Any CPU
	EndGlobalSection
	GlobalSection(ProjectConfigurationPlatforms) = postSolution
		{07B83400-4FF5-4DCD-8BA4-3D51B173EC2B}.Debug|Any CPU.ActiveCfg = Debug|Any CPU
		{07B83400-4FF5-4DCD-8BA4-3D51B173EC2B}.Debug|Any CPU.Build.0 = Debug|Any CPU
		{07B83400-4FF5-4DCD-8BA4-3D51B173EC2B}.Release|Any CPU.ActiveCfg = Release|Any CPU
		{07B83400-4FF5-4DCD-8BA4-3D51B173EC2B}.Release|Any CPU.Build.0 = Release|Any CPU
		{8D07EC12-365F-4AFA-9777-21C3025E3F2E}.Debug|Any CPU.ActiveCfg = Debug|Any CPU
		{8D07EC12-365F-4AFA-9777-21C3025E3F2E}.Debug|Any CPU.Build.0 = Debug|Any CPU
		{8D07EC12-365F-4AFA-9777-21C3025E3F2E}.Release|Any CPU.ActiveCfg = Release|Any CPU
		{8D07EC12-365F-4AFA-9777-21C3025E3F2E}.Release|Any CPU.Build.0 = Release|Any CPU
		{730368CF-7ACB-4E2A-8DF9-0C924D52148F}.Debug|Any CPU.ActiveCfg = Debug|Any CPU
		{730368CF-7ACB-4E2A-8DF9-0C924D52148F}.Debug|Any CPU.Build.0 = Debug|Any CPU
		{730368CF-7ACB-4E2A-8DF9-0C924D52148F}.Release|Any CPU.ActiveCfg = Release|Any CPU
		{730368CF-7ACB-4E2A-8DF9-0C924D52148F}.Release|Any CPU.Build.0 = Release|Any CPU
		{A77B7D0B-20FA-4C05-8441-63A2093B32D9}.Debug|Any CPU.ActiveCfg = Debug|Any CPU
		{A77B7D0B-20FA-4C05-8441-63A2093B32D9}.Debug|Any CPU.Build.0 = Debug|Any CPU
		{A77B7D0B-20FA-4C05-8441-63A2093B32D9}.Release|Any CPU.ActiveCfg = Release|Any CPU
		{A77B7D0B-20FA-4C05-8441-63A2093B32D9}.Release|Any CPU.Build.0 = Release|Any CPU
	EndGlobalSection
	GlobalSection(SolutionProperties) = preSolution
		HideSolutionNode = FALSE
	EndGlobalSection
	GlobalSection(ExtensibilityGlobals) = postSolution
		SolutionGuid = {60C4B399-8611-4D49-BF20-44BE3F5813DE}
	EndGlobalSection
EndGlobal
